
Microsoft Visual Studio Solution File, Format Version 12.00
# Visual Studio 15
VisualStudioVersion = 15.0.27428.2037
MinimumVisualStudioVersion = 10.0.40219.1
Project("{FAE04EC0-301F-11D3-BF4B-00C04F79EFBC}") = "Server", "Server\Server.csproj", "{AD412FA2-EEA9-4C46-868A-974B74991707}"
EndProject
Project("{FAE04EC0-301F-11D3-BF4B-00C04F79EFBC}") = "TestExamles", "TestExamles\TestExamles.csproj", "{E71BE640-23EC-4B46-A2F7-D0D8185E42CC}"
EndProject
Project("{FAE04EC0-301F-11D3-BF4B-00C04F79EFBC}") = "Client", "Client\Client.csproj", "{96E868AA-F9E5-4D7E-9AC3-09DDB3D7E58A}"
EndProject
Global
	GlobalSection(SolutionConfigurationPlatforms) = preSolution
		Debug|Any CPU = Debug|Any CPU
		Release|Any CPU = Release|Any CPU
	EndGlobalSection
	GlobalSection(ProjectConfigurationPlatforms) = postSolution
		{AD412FA2-EEA9-4C46-868A-974B74991707}.Debug|Any CPU.ActiveCfg = Debug|Any CPU
		{AD412FA2-EEA9-4C46-868A-974B74991707}.Debug|Any CPU.Build.0 = Debug|Any CPU
		{AD412FA2-EEA9-4C46-868A-974B74991707}.Release|Any CPU.ActiveCfg = Release|Any CPU
		{AD412FA2-EEA9-4C46-868A-974B74991707}.Release|Any CPU.Build.0 = Release|Any CPU
		{E71BE640-23EC-4B46-A2F7-D0D8185E42CC}.Debug|Any CPU.ActiveCfg = Debug|Any CPU
		{E71BE640-23EC-4B46-A2F7-D0D8185E42CC}.Debug|Any CPU.Build.0 = Debug|Any CPU
		{E71BE640-23EC-4B46-A2F7-D0D8185E42CC}.Release|Any CPU.ActiveCfg = Release|Any CPU
		{E71BE640-23EC-4B46-A2F7-D0D8185E42CC}.Release|Any CPU.Build.0 = Release|Any CPU
		{96E868AA-F9E5-4D7E-9AC3-09DDB3D7E58A}.Debug|Any CPU.ActiveCfg = Debug|Any CPU
		{96E868AA-F9E5-4D7E-9AC3-09DDB3D7E58A}.Debug|Any CPU.Build.0 = Debug|Any CPU
		{96E868AA-F9E5-4D7E-9AC3-09DDB3D7E58A}.Release|Any CPU.ActiveCfg = Release|Any CPU
		{96E868AA-F9E5-4D7E-9AC3-09DDB3D7E58A}.Release|Any CPU.Build.0 = Release|Any CPU
	EndGlobalSection
	GlobalSection(SolutionProperties) = preSolution
		HideSolutionNode = FALSE
	EndGlobalSection
	GlobalSection(ExtensibilityGlobals) = postSolution
		SolutionGuid = {7601331F-FF33-4979-97EF-FE5588744086}
	EndGlobalSection
EndGlobal
